
Microsoft Visual Studio Solution File, Format Version 12.00
# Visual Studio Version 17
VisualStudioVersion = 17.1.32421.90
MinimumVisualStudioVersion = 10.0.40219.1
Project("{9A19103F-16F7-4668-BE54-9A1E7A4F7556}") = "Models", "Models\Models.csproj", "{5A6B30EB-BD74-474F-B85D-F817BA5E97E3}"
EndProject
Project("{FAE04EC0-301F-11D3-BF4B-00C04F79EFBC}") = "Basic_Reflection", "Basic_Reflection\Basic_Reflection.csproj", "{B4FC2749-8F88-4AF6-90BA-9A52518FE5A3}"
EndProject
Project("{FAE04EC0-301F-11D3-BF4B-00C04F79EFBC}") = "Manual_Definition", "Manual_Definition\Manual_Definition.csproj", "{A40AC0ED-1939-4C44-B24F-E567CF44D064}"
EndProject
Global
	GlobalSection(SolutionConfigurationPlatforms) = preSolution
		Debug|Any CPU = Debug|Any CPU
		Release|Any CPU = Release|Any CPU
	EndGlobalSection
	GlobalSection(ProjectConfigurationPlatforms) = postSolution
		{5A6B30EB-BD74-474F-B85D-F817BA5E97E3}.Debug|Any CPU.ActiveCfg = Debug|Any CPU
		{5A6B30EB-BD74-474F-B85D-F817BA5E97E3}.Debug|Any CPU.Build.0 = Debug|Any CPU
		{5A6B30EB-BD74-474F-B85D-F817BA5E97E3}.Release|Any CPU.ActiveCfg = Release|Any CPU
		{5A6B30EB-BD74-474F-B85D-F817BA5E97E3}.Release|Any CPU.Build.0 = Release|Any CPU
		{B4FC2749-8F88-4AF6-90BA-9A52518FE5A3}.Debug|Any CPU.ActiveCfg = Debug|Any CPU
		{B4FC2749-8F88-4AF6-90BA-9A52518FE5A3}.Debug|Any CPU.Build.0 = Debug|Any CPU
		{B4FC2749-8F88-4AF6-90BA-9A52518FE5A3}.Release|Any CPU.ActiveCfg = Release|Any CPU
		{B4FC2749-8F88-4AF6-90BA-9A52518FE5A3}.Release|Any CPU.Build.0 = Release|Any CPU
		{A40AC0ED-1939-4C44-B24F-E567CF44D064}.Debug|Any CPU.ActiveCfg = Debug|Any CPU
		{A40AC0ED-1939-4C44-B24F-E567CF44D064}.Debug|Any CPU.Build.0 = Debug|Any CPU
		{A40AC0ED-1939-4C44-B24F-E567CF44D064}.Release|Any CPU.ActiveCfg = Release|Any CPU
		{A40AC0ED-1939-4C44-B24F-E567CF44D064}.Release|Any CPU.Build.0 = Release|Any CPU
	EndGlobalSection
	GlobalSection(SolutionProperties) = preSolution
		HideSolutionNode = FALSE
	EndGlobalSection
	GlobalSection(ExtensibilityGlobals) = postSolution
		SolutionGuid = {7F5560A1-CB99-42C4-9147-19E7CAD908FD}
	EndGlobalSection
EndGlobal
