
Microsoft Visual Studio Solution File, Format Version 12.00
# Visual Studio Version 17
VisualStudioVersion = 17.1.32421.90
MinimumVisualStudioVersion = 10.0.40219.1
Project("{9A19103F-16F7-4668-BE54-9A1E7A4F7556}") = "Models", "Models\Models.csproj", "{5A6B30EB-BD74-474F-B85D-F817BA5E97E3}"
EndProject
Project("{9A19103F-16F7-4668-BE54-9A1E7A4F7556}") = "Basic_Reflection_UseCase1_Display_Template", "Basic_Reflection_UseCase1_Display\Basic_Reflection_UseCase1_Display_Template.csproj", "{18CD734F-737D-4BD8-AA1A-C503EF281CEB}"
EndProject
Project("{9A19103F-16F7-4668-BE54-9A1E7A4F7556}") = "Basic_Reflection_UseCase2_Display_Template", "Basic_Reflection_UseCase2_Display\Basic_Reflection_UseCase2_Display_Template.csproj", "{480C3699-C2EC-4126-9FF4-247453283F15}"
EndProject
Project("{9A19103F-16F7-4668-BE54-9A1E7A4F7556}") = "Manual_Specification_UseCase1_Display", "Manual_Specification_UseCase1_Display\Manual_Specification_UseCase1_Display.csproj", "{D09C1C16-DCDD-4CEF-A96F-5F5C0A373BC5}"
EndProject
Project("{9A19103F-16F7-4668-BE54-9A1E7A4F7556}") = "Manual_Specification_UseCase2_Display", "Manual_Specification_UseCase2_Display\Manual_Specification_UseCase2_Display.csproj", "{DB71FC20-0BC9-4533-B82C-3F56FDD2C356}"
EndProject
Project("{9A19103F-16F7-4668-BE54-9A1E7A4F7556}") = "Basic_Reflection_UseCase1_UserInteraction", "Basic_Reflection_UseCase1_UserInteraction\Basic_Reflection_UseCase1_UserInteraction.csproj", "{E7A1C552-610B-4864-A997-A6AAFA371C0C}"
EndProject
Project("{9A19103F-16F7-4668-BE54-9A1E7A4F7556}") = "Basic_Reflection_UseCase2_UserInteraction", "Basic_Reflection_UseCase2_UserInteraction\Basic_Reflection_UseCase2_UserInteraction.csproj", "{98B00A52-E6FA-4F61-9D96-FC7B62E057CA}"
EndProject
Project("{9A19103F-16F7-4668-BE54-9A1E7A4F7556}") = "Manual_Specification_UseCase1_UserInteraction", "Manual_Specification_UseCase1_UserInteraction\Manual_Specification_UseCase1_UserInteraction.csproj", "{5785624B-7ABD-4AC2-97B8-0FBD21D0BE19}"
EndProject
Project("{9A19103F-16F7-4668-BE54-9A1E7A4F7556}") = "Manual_Specification_UseCase2_UserInteraction", "Manual_Specification_UseCase2_UserInteraction\Manual_Specification_UseCase2_UserInteraction.csproj", "{DB53A63D-501A-4F85-9600-AEF669D910E9}"
EndProject
Project("{2150E333-8FDC-42A3-9474-1A3956D46DE8}") = "ManualSpecification", "ManualSpecification", "{80E36DFA-0F6F-42E3-8E29-2843674A79B9}"
EndProject
Project("{2150E333-8FDC-42A3-9474-1A3956D46DE8}") = "Basic_Reflection", "Basic_Reflection", "{CBFC729F-941F-4B1E-A434-AFACECEF0254}"
EndProject
Project("{2150E333-8FDC-42A3-9474-1A3956D46DE8}") = "GUI_Generator", "GUI_Generator", "{E7641A68-BE21-481E-98B0-DC7B1A2FDCC7}"
EndProject
Project("{9A19103F-16F7-4668-BE54-9A1E7A4F7556}") = "GUI_Generator_UseCase1_Display", "GUI_Generator_UseCase1_Display\GUI_Generator_UseCase1_Display.csproj", "{3014DDB0-1320-471B-B332-FACC94382590}"
EndProject
Project("{2150E333-8FDC-42A3-9474-1A3956D46DE8}") = "Attribute_Reflection", "Attribute_Reflection", "{28EB5415-3A1A-496C-93EE-106BC52DACDB}"
EndProject
Project("{9A19103F-16F7-4668-BE54-9A1E7A4F7556}") = "Attribute_Reflection_UseCase1_Display_Templates", "Attribute_Reflection_UseCase1_Display\Attribute_Reflection_UseCase1_Display_Templates.csproj", "{A2410CA3-C609-47CB-9BCB-817C9EF27E9F}"
EndProject
Project("{9A19103F-16F7-4668-BE54-9A1E7A4F7556}") = "Attribute_Reflection_UseCase1_UserInteraction_RenderFragment", "Attribute_Reflection_UseCase1_UserInteraction\Attribute_Reflection_UseCase1_UserInteraction_RenderFragment.csproj", "{837F37B0-197C-43C5-A0F3-42643A90CF65}"
EndProject
Project("{9A19103F-16F7-4668-BE54-9A1E7A4F7556}") = "Attribute_Reflection_UseCase2_Display_Templates", "Attribute_Reflection_UseCase2_Display\Attribute_Reflection_UseCase2_Display_Templates.csproj", "{888F5836-941E-446A-9EFA-8DFB23DD0490}"
EndProject
Project("{9A19103F-16F7-4668-BE54-9A1E7A4F7556}") = "Attribute_Reflection_UseCase2_UserInteraction_RenderFragment", "Attribute_Reflection_UseCase2_UserInteraction\Attribute_Reflection_UseCase2_UserInteraction_RenderFragment.csproj", "{1CBF2EA1-174B-4021-8C93-89A6A1FDC929}"
EndProject
Project("{2150E333-8FDC-42A3-9474-1A3956D46DE8}") = "Templates", "Templates", "{F3048695-AF90-40C0-A349-8406AA606836}"
EndProject
Project("{2150E333-8FDC-42A3-9474-1A3956D46DE8}") = "NotImplemented", "NotImplemented", "{5FB44371-1F31-459F-BC32-E40882F3E09B}"
EndProject
Project("{2150E333-8FDC-42A3-9474-1A3956D46DE8}") = "RenderFragments", "RenderFragments", "{8CE23F9C-FEAB-4505-A680-19436D537CC0}"
EndProject
Project("{2150E333-8FDC-42A3-9474-1A3956D46DE8}") = "RenderFragments", "RenderFragments", "{58283476-2418-4F10-95C4-D5C84EC8482A}"
EndProject
Project("{2150E333-8FDC-42A3-9474-1A3956D46DE8}") = "Templates", "Templates", "{78E8DFC5-0078-4A5D-AEC6-E2B2EF3291A7}"
EndProject
Project("{9A19103F-16F7-4668-BE54-9A1E7A4F7556}") = "Manual_Specification_UseCase3_UserInteraction", "Manual_Specification_UseCase3_UserInteraction\Manual_Specification_UseCase3_UserInteraction.csproj", "{CFF4CC66-98CA-474E-BCDB-2C32C15D1566}"
EndProject
Project("{9A19103F-16F7-4668-BE54-9A1E7A4F7556}") = "Basic_Reflection_UseCase1_Display_RenderFragment", "Basic_Reflection_UseCase1_Display_RenderFragment\Basic_Reflection_UseCase1_Display_RenderFragment.csproj", "{7444AEB6-2DCC-4725-989E-4CCEFC98E55A}"
EndProject
Project("{9A19103F-16F7-4668-BE54-9A1E7A4F7556}") = "Basic_Reflection_UseCase2_Display_RenderFragment", "Basic_Reflection_UseCase2_Display_RenderFragment\Basic_Reflection_UseCase2_Display_RenderFragment.csproj", "{5C0A9676-7E74-4BA7-82CB-5C4D933F22EB}"
EndProject
Project("{9A19103F-16F7-4668-BE54-9A1E7A4F7556}") = "Attribute_Reflection_UseCase1_Display_RenderFragment", "Attribute_Reflection_UseCase1_Display_RenderFragment\Attribute_Reflection_UseCase1_Display_RenderFragment.csproj", "{0DE4407E-0234-4B33-8FD9-6DFEDD9A372D}"
EndProject
Project("{9A19103F-16F7-4668-BE54-9A1E7A4F7556}") = "Attribute_Reflection_UseCase2_Display_RenderFragment", "Attribute_Reflection_UseCase2_Display_RenderFragment\Attribute_Reflection_UseCase2_Display_RenderFragment.csproj", "{E82AE3DA-C38E-4860-A714-EB5ADFE13DC8}"
EndProject
Project("{9A19103F-16F7-4668-BE54-9A1E7A4F7556}") = "Attribute_Reflection_UseCase3_UserInteraction_RenderFragment", "Attribute_Reflection_UseCase3_UserInteraction_RenderFragment\Attribute_Reflection_UseCase3_UserInteraction_RenderFragment.csproj", "{AFC8304A-E99F-4C2D-8F3D-F23E8FC42624}"
EndProject
Project("{9A19103F-16F7-4668-BE54-9A1E7A4F7556}") = "Attribute_Reflection_UseCase1_UserInteraction_Templates", "Attribute_Reflection_UseCase1_UserInteraction_Templates\Attribute_Reflection_UseCase1_UserInteraction_Templates.csproj", "{5371670B-AF8C-44E3-9430-812DD2794EC1}"
EndProject
Project("{9A19103F-16F7-4668-BE54-9A1E7A4F7556}") = "Attribute_Reflection_UseCase2_UserInteraction_Templates", "Attribute_Reflection_UseCase2_UserInteraction_Templates\Attribute_Reflection_UseCase2_UserInteraction_Templates.csproj", "{5957F48E-37DB-4276-BFE5-0B61A436BEDE}"
EndProject
Project("{9A19103F-16F7-4668-BE54-9A1E7A4F7556}") = "Attribute_Reflection_UseCase3_UserInteraction_Templates", "Attribute_Reflection_UseCase3_UserInteraction_Templates\Attribute_Reflection_UseCase3_UserInteraction_Templates.csproj", "{9FD82F08-932B-4455-863F-3DDDF251C460}"
EndProject
Project("{9A19103F-16F7-4668-BE54-9A1E7A4F7556}") = "GeneratorSharedComponents", "GeneratorAbstractions\GeneratorSharedComponents.csproj", "{4752E58F-580E-44B7-92C8-5C84E176B46B}"
EndProject
Project("{9A19103F-16F7-4668-BE54-9A1E7A4F7556}") = "GUI_Generator_UseCase2_Display", "GUI_Generator_UseCase2_Display\GUI_Generator_UseCase2_Display.csproj", "{FAD56F15-4C06-46CB-88D7-038C80710096}"
EndProject
Project("{9A19103F-16F7-4668-BE54-9A1E7A4F7556}") = "GUI_Generator_UseCase1_Interaction", "GUI_Generator_UseCase1_Interaction\GUI_Generator_UseCase1_Interaction.csproj", "{F7B929B6-DB7E-4BA6-99E5-E450551DAC5B}"
EndProject
Project("{9A19103F-16F7-4668-BE54-9A1E7A4F7556}") = "GUI_Generator_UseCase2_Interaction", "GUI_Generator_UseCase2_Interaction\GUI_Generator_UseCase2_Interaction.csproj", "{12CCEF35-37E5-4124-9B7C-43DDAB7C3D16}"
EndProject
Project("{9A19103F-16F7-4668-BE54-9A1E7A4F7556}") = "GUI_Generator_UseCase3_Interaction", "GUI_Generator_UseCase3_Interaction\GUI_Generator_UseCase3_Interaction.csproj", "{6269C785-1157-458D-A0BA-50C8BA8FB9D7}"
EndProject
Project("{9A19103F-16F7-4668-BE54-9A1E7A4F7556}") = "Basic_Reflection_UseCase3_UserInteraction_RenderFragment", "Basic_Reflection_UseCase3_UserInteraction_RenderFragment\Basic_Reflection_UseCase3_UserInteraction_RenderFragment.csproj", "{C7A2B75D-EB8C-4AD6-AA3A-E859D91E8927}"
EndProject
Project("{9A19103F-16F7-4668-BE54-9A1E7A4F7556}") = "Basic_Reflection_UseCase3_UserInteraction_Templates", "Basic_Reflection_UseCase3_UserInteraction_Templates\Basic_Reflection_UseCase3_UserInteraction_Templates.csproj", "{DC0C1A0B-5402-49B9-8711-AF25CE31EB14}"
EndProject
Global
	GlobalSection(SolutionConfigurationPlatforms) = preSolution
		Debug|Any CPU = Debug|Any CPU
		Release|Any CPU = Release|Any CPU
	EndGlobalSection
	GlobalSection(ProjectConfigurationPlatforms) = postSolution
		{5A6B30EB-BD74-474F-B85D-F817BA5E97E3}.Debug|Any CPU.ActiveCfg = Debug|Any CPU
		{5A6B30EB-BD74-474F-B85D-F817BA5E97E3}.Debug|Any CPU.Build.0 = Debug|Any CPU
		{5A6B30EB-BD74-474F-B85D-F817BA5E97E3}.Release|Any CPU.ActiveCfg = Release|Any CPU
		{5A6B30EB-BD74-474F-B85D-F817BA5E97E3}.Release|Any CPU.Build.0 = Release|Any CPU
		{18CD734F-737D-4BD8-AA1A-C503EF281CEB}.Debug|Any CPU.ActiveCfg = Debug|Any CPU
		{18CD734F-737D-4BD8-AA1A-C503EF281CEB}.Debug|Any CPU.Build.0 = Debug|Any CPU
		{18CD734F-737D-4BD8-AA1A-C503EF281CEB}.Release|Any CPU.ActiveCfg = Release|Any CPU
		{18CD734F-737D-4BD8-AA1A-C503EF281CEB}.Release|Any CPU.Build.0 = Release|Any CPU
		{480C3699-C2EC-4126-9FF4-247453283F15}.Debug|Any CPU.ActiveCfg = Debug|Any CPU
		{480C3699-C2EC-4126-9FF4-247453283F15}.Debug|Any CPU.Build.0 = Debug|Any CPU
		{480C3699-C2EC-4126-9FF4-247453283F15}.Release|Any CPU.ActiveCfg = Release|Any CPU
		{480C3699-C2EC-4126-9FF4-247453283F15}.Release|Any CPU.Build.0 = Release|Any CPU
		{D09C1C16-DCDD-4CEF-A96F-5F5C0A373BC5}.Debug|Any CPU.ActiveCfg = Debug|Any CPU
		{D09C1C16-DCDD-4CEF-A96F-5F5C0A373BC5}.Debug|Any CPU.Build.0 = Debug|Any CPU
		{D09C1C16-DCDD-4CEF-A96F-5F5C0A373BC5}.Release|Any CPU.ActiveCfg = Release|Any CPU
		{D09C1C16-DCDD-4CEF-A96F-5F5C0A373BC5}.Release|Any CPU.Build.0 = Release|Any CPU
		{DB71FC20-0BC9-4533-B82C-3F56FDD2C356}.Debug|Any CPU.ActiveCfg = Debug|Any CPU
		{DB71FC20-0BC9-4533-B82C-3F56FDD2C356}.Debug|Any CPU.Build.0 = Debug|Any CPU
		{DB71FC20-0BC9-4533-B82C-3F56FDD2C356}.Release|Any CPU.ActiveCfg = Release|Any CPU
		{DB71FC20-0BC9-4533-B82C-3F56FDD2C356}.Release|Any CPU.Build.0 = Release|Any CPU
		{E7A1C552-610B-4864-A997-A6AAFA371C0C}.Debug|Any CPU.ActiveCfg = Debug|Any CPU
		{E7A1C552-610B-4864-A997-A6AAFA371C0C}.Debug|Any CPU.Build.0 = Debug|Any CPU
		{E7A1C552-610B-4864-A997-A6AAFA371C0C}.Release|Any CPU.ActiveCfg = Release|Any CPU
		{E7A1C552-610B-4864-A997-A6AAFA371C0C}.Release|Any CPU.Build.0 = Release|Any CPU
		{98B00A52-E6FA-4F61-9D96-FC7B62E057CA}.Debug|Any CPU.ActiveCfg = Debug|Any CPU
		{98B00A52-E6FA-4F61-9D96-FC7B62E057CA}.Debug|Any CPU.Build.0 = Debug|Any CPU
		{98B00A52-E6FA-4F61-9D96-FC7B62E057CA}.Release|Any CPU.ActiveCfg = Release|Any CPU
		{98B00A52-E6FA-4F61-9D96-FC7B62E057CA}.Release|Any CPU.Build.0 = Release|Any CPU
		{5785624B-7ABD-4AC2-97B8-0FBD21D0BE19}.Debug|Any CPU.ActiveCfg = Debug|Any CPU
		{5785624B-7ABD-4AC2-97B8-0FBD21D0BE19}.Debug|Any CPU.Build.0 = Debug|Any CPU
		{5785624B-7ABD-4AC2-97B8-0FBD21D0BE19}.Release|Any CPU.ActiveCfg = Release|Any CPU
		{5785624B-7ABD-4AC2-97B8-0FBD21D0BE19}.Release|Any CPU.Build.0 = Release|Any CPU
		{DB53A63D-501A-4F85-9600-AEF669D910E9}.Debug|Any CPU.ActiveCfg = Debug|Any CPU
		{DB53A63D-501A-4F85-9600-AEF669D910E9}.Debug|Any CPU.Build.0 = Debug|Any CPU
		{DB53A63D-501A-4F85-9600-AEF669D910E9}.Release|Any CPU.ActiveCfg = Release|Any CPU
		{DB53A63D-501A-4F85-9600-AEF669D910E9}.Release|Any CPU.Build.0 = Release|Any CPU
		{3014DDB0-1320-471B-B332-FACC94382590}.Debug|Any CPU.ActiveCfg = Debug|Any CPU
		{3014DDB0-1320-471B-B332-FACC94382590}.Debug|Any CPU.Build.0 = Debug|Any CPU
		{3014DDB0-1320-471B-B332-FACC94382590}.Release|Any CPU.ActiveCfg = Release|Any CPU
		{3014DDB0-1320-471B-B332-FACC94382590}.Release|Any CPU.Build.0 = Release|Any CPU
		{A2410CA3-C609-47CB-9BCB-817C9EF27E9F}.Debug|Any CPU.ActiveCfg = Debug|Any CPU
		{A2410CA3-C609-47CB-9BCB-817C9EF27E9F}.Debug|Any CPU.Build.0 = Debug|Any CPU
		{A2410CA3-C609-47CB-9BCB-817C9EF27E9F}.Release|Any CPU.ActiveCfg = Release|Any CPU
		{A2410CA3-C609-47CB-9BCB-817C9EF27E9F}.Release|Any CPU.Build.0 = Release|Any CPU
		{837F37B0-197C-43C5-A0F3-42643A90CF65}.Debug|Any CPU.ActiveCfg = Debug|Any CPU
		{837F37B0-197C-43C5-A0F3-42643A90CF65}.Debug|Any CPU.Build.0 = Debug|Any CPU
		{837F37B0-197C-43C5-A0F3-42643A90CF65}.Release|Any CPU.ActiveCfg = Release|Any CPU
		{837F37B0-197C-43C5-A0F3-42643A90CF65}.Release|Any CPU.Build.0 = Release|Any CPU
		{888F5836-941E-446A-9EFA-8DFB23DD0490}.Debug|Any CPU.ActiveCfg = Debug|Any CPU
		{888F5836-941E-446A-9EFA-8DFB23DD0490}.Debug|Any CPU.Build.0 = Debug|Any CPU
		{888F5836-941E-446A-9EFA-8DFB23DD0490}.Release|Any CPU.ActiveCfg = Release|Any CPU
		{888F5836-941E-446A-9EFA-8DFB23DD0490}.Release|Any CPU.Build.0 = Release|Any CPU
		{1CBF2EA1-174B-4021-8C93-89A6A1FDC929}.Debug|Any CPU.ActiveCfg = Debug|Any CPU
		{1CBF2EA1-174B-4021-8C93-89A6A1FDC929}.Debug|Any CPU.Build.0 = Debug|Any CPU
		{1CBF2EA1-174B-4021-8C93-89A6A1FDC929}.Release|Any CPU.ActiveCfg = Release|Any CPU
		{1CBF2EA1-174B-4021-8C93-89A6A1FDC929}.Release|Any CPU.Build.0 = Release|Any CPU
		{CFF4CC66-98CA-474E-BCDB-2C32C15D1566}.Debug|Any CPU.ActiveCfg = Debug|Any CPU
		{CFF4CC66-98CA-474E-BCDB-2C32C15D1566}.Debug|Any CPU.Build.0 = Debug|Any CPU
		{CFF4CC66-98CA-474E-BCDB-2C32C15D1566}.Release|Any CPU.ActiveCfg = Release|Any CPU
		{CFF4CC66-98CA-474E-BCDB-2C32C15D1566}.Release|Any CPU.Build.0 = Release|Any CPU
		{7444AEB6-2DCC-4725-989E-4CCEFC98E55A}.Debug|Any CPU.ActiveCfg = Debug|Any CPU
		{7444AEB6-2DCC-4725-989E-4CCEFC98E55A}.Debug|Any CPU.Build.0 = Debug|Any CPU
		{7444AEB6-2DCC-4725-989E-4CCEFC98E55A}.Release|Any CPU.ActiveCfg = Release|Any CPU
		{7444AEB6-2DCC-4725-989E-4CCEFC98E55A}.Release|Any CPU.Build.0 = Release|Any CPU
		{5C0A9676-7E74-4BA7-82CB-5C4D933F22EB}.Debug|Any CPU.ActiveCfg = Debug|Any CPU
		{5C0A9676-7E74-4BA7-82CB-5C4D933F22EB}.Debug|Any CPU.Build.0 = Debug|Any CPU
		{5C0A9676-7E74-4BA7-82CB-5C4D933F22EB}.Release|Any CPU.ActiveCfg = Release|Any CPU
		{5C0A9676-7E74-4BA7-82CB-5C4D933F22EB}.Release|Any CPU.Build.0 = Release|Any CPU
		{0DE4407E-0234-4B33-8FD9-6DFEDD9A372D}.Debug|Any CPU.ActiveCfg = Debug|Any CPU
		{0DE4407E-0234-4B33-8FD9-6DFEDD9A372D}.Debug|Any CPU.Build.0 = Debug|Any CPU
		{0DE4407E-0234-4B33-8FD9-6DFEDD9A372D}.Release|Any CPU.ActiveCfg = Release|Any CPU
		{0DE4407E-0234-4B33-8FD9-6DFEDD9A372D}.Release|Any CPU.Build.0 = Release|Any CPU
		{E82AE3DA-C38E-4860-A714-EB5ADFE13DC8}.Debug|Any CPU.ActiveCfg = Debug|Any CPU
		{E82AE3DA-C38E-4860-A714-EB5ADFE13DC8}.Debug|Any CPU.Build.0 = Debug|Any CPU
		{E82AE3DA-C38E-4860-A714-EB5ADFE13DC8}.Release|Any CPU.ActiveCfg = Release|Any CPU
		{E82AE3DA-C38E-4860-A714-EB5ADFE13DC8}.Release|Any CPU.Build.0 = Release|Any CPU
		{AFC8304A-E99F-4C2D-8F3D-F23E8FC42624}.Debug|Any CPU.ActiveCfg = Debug|Any CPU
		{AFC8304A-E99F-4C2D-8F3D-F23E8FC42624}.Debug|Any CPU.Build.0 = Debug|Any CPU
		{AFC8304A-E99F-4C2D-8F3D-F23E8FC42624}.Release|Any CPU.ActiveCfg = Release|Any CPU
		{AFC8304A-E99F-4C2D-8F3D-F23E8FC42624}.Release|Any CPU.Build.0 = Release|Any CPU
		{5371670B-AF8C-44E3-9430-812DD2794EC1}.Debug|Any CPU.ActiveCfg = Debug|Any CPU
		{5371670B-AF8C-44E3-9430-812DD2794EC1}.Debug|Any CPU.Build.0 = Debug|Any CPU
		{5371670B-AF8C-44E3-9430-812DD2794EC1}.Release|Any CPU.ActiveCfg = Release|Any CPU
		{5371670B-AF8C-44E3-9430-812DD2794EC1}.Release|Any CPU.Build.0 = Release|Any CPU
		{5957F48E-37DB-4276-BFE5-0B61A436BEDE}.Debug|Any CPU.ActiveCfg = Debug|Any CPU
		{5957F48E-37DB-4276-BFE5-0B61A436BEDE}.Debug|Any CPU.Build.0 = Debug|Any CPU
		{5957F48E-37DB-4276-BFE5-0B61A436BEDE}.Release|Any CPU.ActiveCfg = Release|Any CPU
		{5957F48E-37DB-4276-BFE5-0B61A436BEDE}.Release|Any CPU.Build.0 = Release|Any CPU
		{9FD82F08-932B-4455-863F-3DDDF251C460}.Debug|Any CPU.ActiveCfg = Debug|Any CPU
		{9FD82F08-932B-4455-863F-3DDDF251C460}.Debug|Any CPU.Build.0 = Debug|Any CPU
		{9FD82F08-932B-4455-863F-3DDDF251C460}.Release|Any CPU.ActiveCfg = Release|Any CPU
		{9FD82F08-932B-4455-863F-3DDDF251C460}.Release|Any CPU.Build.0 = Release|Any CPU
		{4752E58F-580E-44B7-92C8-5C84E176B46B}.Debug|Any CPU.ActiveCfg = Debug|Any CPU
		{4752E58F-580E-44B7-92C8-5C84E176B46B}.Debug|Any CPU.Build.0 = Debug|Any CPU
		{4752E58F-580E-44B7-92C8-5C84E176B46B}.Release|Any CPU.ActiveCfg = Release|Any CPU
		{4752E58F-580E-44B7-92C8-5C84E176B46B}.Release|Any CPU.Build.0 = Release|Any CPU
		{FAD56F15-4C06-46CB-88D7-038C80710096}.Debug|Any CPU.ActiveCfg = Debug|Any CPU
		{FAD56F15-4C06-46CB-88D7-038C80710096}.Debug|Any CPU.Build.0 = Debug|Any CPU
		{FAD56F15-4C06-46CB-88D7-038C80710096}.Release|Any CPU.ActiveCfg = Release|Any CPU
		{FAD56F15-4C06-46CB-88D7-038C80710096}.Release|Any CPU.Build.0 = Release|Any CPU
		{F7B929B6-DB7E-4BA6-99E5-E450551DAC5B}.Debug|Any CPU.ActiveCfg = Debug|Any CPU
		{F7B929B6-DB7E-4BA6-99E5-E450551DAC5B}.Debug|Any CPU.Build.0 = Debug|Any CPU
		{F7B929B6-DB7E-4BA6-99E5-E450551DAC5B}.Release|Any CPU.ActiveCfg = Release|Any CPU
		{F7B929B6-DB7E-4BA6-99E5-E450551DAC5B}.Release|Any CPU.Build.0 = Release|Any CPU
		{12CCEF35-37E5-4124-9B7C-43DDAB7C3D16}.Debug|Any CPU.ActiveCfg = Debug|Any CPU
		{12CCEF35-37E5-4124-9B7C-43DDAB7C3D16}.Debug|Any CPU.Build.0 = Debug|Any CPU
		{12CCEF35-37E5-4124-9B7C-43DDAB7C3D16}.Release|Any CPU.ActiveCfg = Release|Any CPU
		{12CCEF35-37E5-4124-9B7C-43DDAB7C3D16}.Release|Any CPU.Build.0 = Release|Any CPU
		{6269C785-1157-458D-A0BA-50C8BA8FB9D7}.Debug|Any CPU.ActiveCfg = Debug|Any CPU
		{6269C785-1157-458D-A0BA-50C8BA8FB9D7}.Debug|Any CPU.Build.0 = Debug|Any CPU
		{6269C785-1157-458D-A0BA-50C8BA8FB9D7}.Release|Any CPU.ActiveCfg = Release|Any CPU
		{6269C785-1157-458D-A0BA-50C8BA8FB9D7}.Release|Any CPU.Build.0 = Release|Any CPU
		{C7A2B75D-EB8C-4AD6-AA3A-E859D91E8927}.Debug|Any CPU.ActiveCfg = Debug|Any CPU
		{C7A2B75D-EB8C-4AD6-AA3A-E859D91E8927}.Debug|Any CPU.Build.0 = Debug|Any CPU
		{C7A2B75D-EB8C-4AD6-AA3A-E859D91E8927}.Release|Any CPU.ActiveCfg = Release|Any CPU
		{C7A2B75D-EB8C-4AD6-AA3A-E859D91E8927}.Release|Any CPU.Build.0 = Release|Any CPU
		{DC0C1A0B-5402-49B9-8711-AF25CE31EB14}.Debug|Any CPU.ActiveCfg = Debug|Any CPU
		{DC0C1A0B-5402-49B9-8711-AF25CE31EB14}.Debug|Any CPU.Build.0 = Debug|Any CPU
		{DC0C1A0B-5402-49B9-8711-AF25CE31EB14}.Release|Any CPU.ActiveCfg = Release|Any CPU
		{DC0C1A0B-5402-49B9-8711-AF25CE31EB14}.Release|Any CPU.Build.0 = Release|Any CPU
	EndGlobalSection
	GlobalSection(SolutionProperties) = preSolution
		HideSolutionNode = FALSE
	EndGlobalSection
	GlobalSection(NestedProjects) = preSolution
		{18CD734F-737D-4BD8-AA1A-C503EF281CEB} = {F3048695-AF90-40C0-A349-8406AA606836}
		{480C3699-C2EC-4126-9FF4-247453283F15} = {F3048695-AF90-40C0-A349-8406AA606836}
		{D09C1C16-DCDD-4CEF-A96F-5F5C0A373BC5} = {80E36DFA-0F6F-42E3-8E29-2843674A79B9}
		{DB71FC20-0BC9-4533-B82C-3F56FDD2C356} = {80E36DFA-0F6F-42E3-8E29-2843674A79B9}
		{E7A1C552-610B-4864-A997-A6AAFA371C0C} = {5FB44371-1F31-459F-BC32-E40882F3E09B}
		{98B00A52-E6FA-4F61-9D96-FC7B62E057CA} = {5FB44371-1F31-459F-BC32-E40882F3E09B}
		{5785624B-7ABD-4AC2-97B8-0FBD21D0BE19} = {80E36DFA-0F6F-42E3-8E29-2843674A79B9}
		{DB53A63D-501A-4F85-9600-AEF669D910E9} = {80E36DFA-0F6F-42E3-8E29-2843674A79B9}
		{3014DDB0-1320-471B-B332-FACC94382590} = {E7641A68-BE21-481E-98B0-DC7B1A2FDCC7}
		{A2410CA3-C609-47CB-9BCB-817C9EF27E9F} = {78E8DFC5-0078-4A5D-AEC6-E2B2EF3291A7}
		{837F37B0-197C-43C5-A0F3-42643A90CF65} = {58283476-2418-4F10-95C4-D5C84EC8482A}
		{888F5836-941E-446A-9EFA-8DFB23DD0490} = {78E8DFC5-0078-4A5D-AEC6-E2B2EF3291A7}
		{1CBF2EA1-174B-4021-8C93-89A6A1FDC929} = {58283476-2418-4F10-95C4-D5C84EC8482A}
		{F3048695-AF90-40C0-A349-8406AA606836} = {CBFC729F-941F-4B1E-A434-AFACECEF0254}
		{5FB44371-1F31-459F-BC32-E40882F3E09B} = {CBFC729F-941F-4B1E-A434-AFACECEF0254}
		{8CE23F9C-FEAB-4505-A680-19436D537CC0} = {CBFC729F-941F-4B1E-A434-AFACECEF0254}
		{58283476-2418-4F10-95C4-D5C84EC8482A} = {28EB5415-3A1A-496C-93EE-106BC52DACDB}
		{78E8DFC5-0078-4A5D-AEC6-E2B2EF3291A7} = {28EB5415-3A1A-496C-93EE-106BC52DACDB}
		{CFF4CC66-98CA-474E-BCDB-2C32C15D1566} = {80E36DFA-0F6F-42E3-8E29-2843674A79B9}
		{7444AEB6-2DCC-4725-989E-4CCEFC98E55A} = {8CE23F9C-FEAB-4505-A680-19436D537CC0}
		{5C0A9676-7E74-4BA7-82CB-5C4D933F22EB} = {8CE23F9C-FEAB-4505-A680-19436D537CC0}
		{0DE4407E-0234-4B33-8FD9-6DFEDD9A372D} = {58283476-2418-4F10-95C4-D5C84EC8482A}
		{E82AE3DA-C38E-4860-A714-EB5ADFE13DC8} = {58283476-2418-4F10-95C4-D5C84EC8482A}
		{AFC8304A-E99F-4C2D-8F3D-F23E8FC42624} = {58283476-2418-4F10-95C4-D5C84EC8482A}
		{5371670B-AF8C-44E3-9430-812DD2794EC1} = {78E8DFC5-0078-4A5D-AEC6-E2B2EF3291A7}
		{5957F48E-37DB-4276-BFE5-0B61A436BEDE} = {78E8DFC5-0078-4A5D-AEC6-E2B2EF3291A7}
		{9FD82F08-932B-4455-863F-3DDDF251C460} = {78E8DFC5-0078-4A5D-AEC6-E2B2EF3291A7}
		{4752E58F-580E-44B7-92C8-5C84E176B46B} = {E7641A68-BE21-481E-98B0-DC7B1A2FDCC7}
		{FAD56F15-4C06-46CB-88D7-038C80710096} = {E7641A68-BE21-481E-98B0-DC7B1A2FDCC7}
		{F7B929B6-DB7E-4BA6-99E5-E450551DAC5B} = {E7641A68-BE21-481E-98B0-DC7B1A2FDCC7}
		{12CCEF35-37E5-4124-9B7C-43DDAB7C3D16} = {E7641A68-BE21-481E-98B0-DC7B1A2FDCC7}
		{6269C785-1157-458D-A0BA-50C8BA8FB9D7} = {E7641A68-BE21-481E-98B0-DC7B1A2FDCC7}
		{C7A2B75D-EB8C-4AD6-AA3A-E859D91E8927} = {8CE23F9C-FEAB-4505-A680-19436D537CC0}
		{DC0C1A0B-5402-49B9-8711-AF25CE31EB14} = {F3048695-AF90-40C0-A349-8406AA606836}
	EndGlobalSection
	GlobalSection(ExtensibilityGlobals) = postSolution
		SolutionGuid = {7F5560A1-CB99-42C4-9147-19E7CAD908FD}
	EndGlobalSection
EndGlobal
